
Microsoft Visual Studio Solution File, Format Version 12.00
# Visual Studio 15
VisualStudioVersion = 15.0.26403.7
MinimumVisualStudioVersion = 10.0.40219.1
Project("{FAE04EC0-301F-11D3-BF4B-00C04F79EFBC}") = "ControlMantenimiento-NetDesktop", "ControlMantenimiento-NetDesktop\ControlMantenimiento-NetDesktop\ControlMantenimiento-NetDesktop.csproj", "{906C1384-D4CC-42D7-B0FB-2C2569BF638A}"
EndProject
Project("{FAE04EC0-301F-11D3-BF4B-00C04F79EFBC}") = "ControlMantenimiento.Model", "ControlMantenimiento.Model\ControlMantenimiento.Model.csproj", "{BF4F6D55-D3B6-4AA8-AED8-771A94AEBB67}"
EndProject
Project("{FAE04EC0-301F-11D3-BF4B-00C04F79EFBC}") = "ControlMantenimiento.Data", "ControlMantenimiento.Data\ControlMantenimiento.Data.csproj", "{427CCD41-D5EA-4DFD-81D9-1EB42BB7FF7C}"
EndProject
Project("{FAE04EC0-301F-11D3-BF4B-00C04F79EFBC}") = "ControlMantenimiento.Web", "ControlMantenimiento.Web\ControlMantenimiento.Web.csproj", "{20412CDC-A2F4-4CAB-BEB7-6A3960EFD804}"
EndProject
Project("{FAE04EC0-301F-11D3-BF4B-00C04F79EFBC}") = "ControlMantenimiento.Data.MySql", "ControlMantenimiento.Data.MySql\ControlMantenimiento.Data.MySql.csproj", "{33B993F5-B243-4661-AF4D-2E57CC0F0276}"
EndProject
Project("{FAE04EC0-301F-11D3-BF4B-00C04F79EFBC}") = "ControlMantenimiento.Data.Oracle", "ControlMantenimiento.Data.Oracle\ControlMantenimiento.Data.Oracle.csproj", "{36D7AC5D-243E-4550-89D1-17BC398CE6D1}"
EndProject
Project("{FAE04EC0-301F-11D3-BF4B-00C04F79EFBC}") = "ControlMantenimiento.Business", "ControlMantenimiento.Business\ControlMantenimiento.Business.csproj", "{DF20615D-4AC6-4D25-86B2-B7F1625C7FC2}"
EndProject
Global
	GlobalSection(SolutionConfigurationPlatforms) = preSolution
		Debug|Any CPU = Debug|Any CPU
		Release|Any CPU = Release|Any CPU
	EndGlobalSection
	GlobalSection(ProjectConfigurationPlatforms) = postSolution
		{906C1384-D4CC-42D7-B0FB-2C2569BF638A}.Debug|Any CPU.ActiveCfg = Debug|Any CPU
		{906C1384-D4CC-42D7-B0FB-2C2569BF638A}.Debug|Any CPU.Build.0 = Debug|Any CPU
		{906C1384-D4CC-42D7-B0FB-2C2569BF638A}.Release|Any CPU.ActiveCfg = Release|Any CPU
		{906C1384-D4CC-42D7-B0FB-2C2569BF638A}.Release|Any CPU.Build.0 = Release|Any CPU
		{BF4F6D55-D3B6-4AA8-AED8-771A94AEBB67}.Debug|Any CPU.ActiveCfg = Debug|Any CPU
		{BF4F6D55-D3B6-4AA8-AED8-771A94AEBB67}.Debug|Any CPU.Build.0 = Debug|Any CPU
		{BF4F6D55-D3B6-4AA8-AED8-771A94AEBB67}.Release|Any CPU.ActiveCfg = Release|Any CPU
		{BF4F6D55-D3B6-4AA8-AED8-771A94AEBB67}.Release|Any CPU.Build.0 = Release|Any CPU
		{427CCD41-D5EA-4DFD-81D9-1EB42BB7FF7C}.Debug|Any CPU.ActiveCfg = Debug|Any CPU
		{427CCD41-D5EA-4DFD-81D9-1EB42BB7FF7C}.Debug|Any CPU.Build.0 = Debug|Any CPU
		{427CCD41-D5EA-4DFD-81D9-1EB42BB7FF7C}.Release|Any CPU.ActiveCfg = Release|Any CPU
		{427CCD41-D5EA-4DFD-81D9-1EB42BB7FF7C}.Release|Any CPU.Build.0 = Release|Any CPU
		{20412CDC-A2F4-4CAB-BEB7-6A3960EFD804}.Debug|Any CPU.ActiveCfg = Debug|Any CPU
		{20412CDC-A2F4-4CAB-BEB7-6A3960EFD804}.Debug|Any CPU.Build.0 = Debug|Any CPU
		{20412CDC-A2F4-4CAB-BEB7-6A3960EFD804}.Release|Any CPU.ActiveCfg = Release|Any CPU
		{20412CDC-A2F4-4CAB-BEB7-6A3960EFD804}.Release|Any CPU.Build.0 = Release|Any CPU
		{33B993F5-B243-4661-AF4D-2E57CC0F0276}.Debug|Any CPU.ActiveCfg = Debug|Any CPU
		{33B993F5-B243-4661-AF4D-2E57CC0F0276}.Debug|Any CPU.Build.0 = Debug|Any CPU
		{33B993F5-B243-4661-AF4D-2E57CC0F0276}.Release|Any CPU.ActiveCfg = Release|Any CPU
		{33B993F5-B243-4661-AF4D-2E57CC0F0276}.Release|Any CPU.Build.0 = Release|Any CPU
		{36D7AC5D-243E-4550-89D1-17BC398CE6D1}.Debug|Any CPU.ActiveCfg = Debug|Any CPU
		{36D7AC5D-243E-4550-89D1-17BC398CE6D1}.Debug|Any CPU.Build.0 = Debug|Any CPU
		{36D7AC5D-243E-4550-89D1-17BC398CE6D1}.Release|Any CPU.ActiveCfg = Release|Any CPU
		{36D7AC5D-243E-4550-89D1-17BC398CE6D1}.Release|Any CPU.Build.0 = Release|Any CPU
		{DF20615D-4AC6-4D25-86B2-B7F1625C7FC2}.Debug|Any CPU.ActiveCfg = Debug|Any CPU
		{DF20615D-4AC6-4D25-86B2-B7F1625C7FC2}.Debug|Any CPU.Build.0 = Debug|Any CPU
		{DF20615D-4AC6-4D25-86B2-B7F1625C7FC2}.Release|Any CPU.ActiveCfg = Release|Any CPU
		{DF20615D-4AC6-4D25-86B2-B7F1625C7FC2}.Release|Any CPU.Build.0 = Release|Any CPU
	EndGlobalSection
	GlobalSection(SolutionProperties) = preSolution
		HideSolutionNode = FALSE
	EndGlobalSection
EndGlobal
